{
  "version": 1,
  "dependencies": {
    "net10.0": {
      "Microsoft.AspNetCore.Mvc.Testing": {
        "type": "Direct",
        "requested": "[10.0.9, )",
        "resolved": "10.0.9",
        "contentHash": "Mt+5CtYz+xmog1S1TJt2owVKU8YquZtNy9bmO+kfrrtjEDZPzCw1qZ7o97PLpIEpt3yy4F5YdAUh9nKPm0CX5Q==",
        "dependencies": {
          "Microsoft.AspNetCore.TestHost": "10.0.9",
          "Microsoft.Extensions.DependencyModel": "10.0.9"
        }
      },
      "Microsoft.Extensions.Diagnostics.Testing": {
        "type": "Direct",
        "requested": "[10.9.0, )",
        "resolved": "10.9.0",
        "contentHash": "znkoYO0sMuzvUIQnum2oMj8tt0wx4Z00MQ6x1Ohd0AiO7N9RzH5sGf2E0G4Iayf/Y9cGNvPdRAjuEDSUdGzvXA==",
        "dependencies": {
          "Microsoft.Extensions.Telemetry.Abstractions": "10.9.0"
        }
      },
      "Microsoft.Extensions.TimeProvider.Testing": {
        "type": "Direct",
        "requested": "[10.9.0, )",
        "resolved": "10.9.0",
        "contentHash": "0If8xc915BgRpYmKB9tOOOprvHMt8Tue6kiD8ARgVf8Ok6PNUxkJScKT7QUp7+RllR4RN2DNACgaxioy9BJxeQ=="
      },
      "Microsoft.SourceLink.GitHub": {
        "type": "Direct",
        "requested": "[10.0.400, )",
        "resolved": "10.0.400",
        "contentHash": "N1Ut0+EmMb2Tma9spHxAgpCspkln4gst1RWYc1PYPn8LA4KJWDSiggKpE183lfR98TNG2C+XnJ71zSYtuCSsqA==",
        "dependencies": {
          "Microsoft.Build.Tasks.Git": "10.0.400",
          "Microsoft.SourceLink.Common": "10.0.400",
          "System.IO.Hashing": "10.0.11"
        }
      },
      "Microsoft.AspNetCore.TestHost": {
        "type": "Transitive",
        "resolved": "10.0.9",
        "contentHash": "mR4y30XFsVbn7EwV3Ic5/KMBO5QGwukTJE2ztGmpAST5ACX+Z+9r+Y6D1eibJojsOIW5KHpM4myo9/aRALJOyg=="
      },
      "Microsoft.Build.Tasks.Git": {
        "type": "Transitive",
        "resolved": "10.0.400",
        "contentHash": "uXJ/eBDqAo9HlyPjvvvynjHb59KXQWG9txpBzyI1drO6MV3Lhndt2yhxuMKvIga4kND2UKc3xCNXlXBhWU8Hlg==",
        "dependencies": {
          "System.IO.Hashing": "10.0.11"
        }
      },
      "Microsoft.Extensions.Compliance.Abstractions": {
        "type": "Transitive",
        "resolved": "10.9.0",
        "contentHash": "tuSqNuiJxlln43sZ8c1EDA4WXit1eX4foGadylXso3DnMVc+DtKfaNEwvHuiFXfPsEUZ6Z3GnF0Bfk9vvOsE4Q=="
      },
      "Microsoft.Extensions.DependencyModel": {
        "type": "Transitive",
        "resolved": "10.0.9",
        "contentHash": "SCDTQ6HubnRvTUjR7dgMKHZvNoCb03t44ttHL8trlFTGgfDteWn/0nRdOxDhcI+lTWhKgd/flCVJEtAOPhSLNg=="
      },
      "Microsoft.Extensions.Telemetry.Abstractions": {
        "type": "Transitive",
        "resolved": "10.9.0",
        "contentHash": "rCyM64XvBNi2IY/5noMVsJjt22zVmnI+8tGrb6JnPRW/75Nyv9Hi+7gkxb7zQcR0+2mzS1sAqPXz2PsdHZCqHg==",
        "dependencies": {
          "Microsoft.Extensions.Compliance.Abstractions": "10.9.0"
        }
      },
      "Microsoft.SourceLink.Common": {
        "type": "Transitive",
        "resolved": "10.0.400",
        "contentHash": "Knli3Y2k/rdBqUlQ8TP+Sbd0J0jV/0kvgLsxieowoVayioZ0JGfqb9go+/dQJqtU53i6IpZzRxAPxbBT5UJBNg=="
      },
      "System.IO.Hashing": {
        "type": "Transitive",
        "resolved": "10.0.11",
        "contentHash": "OzKDcIRkeNJeC8qAsbn8yJXnfTLP1dtkWILe+T56Gf/z+IkAASi7sMqLqJQat08j5z/mRN5xVtoAwbkMNMoBUQ=="
      },
      "feff.testfixtures": {
        "type": "Project",
        "dependencies": {
          "FEFF.TestFixtures.Abstractions": "[0.0.1, )"
        }
      },
      "feff.testfixtures.abstractions": {
        "type": "Project"
      }
    }
  }
}