{
  "version": 1,
  "dependencies": {
    "net10.0": {
      "Microsoft.Extensions.DependencyInjection": {
        "type": "Direct",
        "requested": "[10.0.5, )",
        "resolved": "10.0.5",
        "contentHash": "v1SVsowG6YE1YnHVGmLWz57YTRCQRx9pH5ebIESXfm5isI9gA3QaMyg/oMTzPpXYZwSAVDzYItGJKfmV+pqXkQ==",
        "dependencies": {
          "Microsoft.Extensions.DependencyInjection.Abstractions": "10.0.5"
        }
      },
      "Microsoft.SourceLink.GitHub": {
        "type": "Direct",
        "requested": "[10.0.201, )",
        "resolved": "10.0.201",
        "contentHash": "qxYAmO4ktzd9L+HMdnqWucxpu7bI9undPyACXOMqPyhaiMtbpbYL/n0ACyWIJlbyEJrXFwxiOaBOSasLtDvsCg==",
        "dependencies": {
          "Microsoft.Build.Tasks.Git": "10.0.201",
          "Microsoft.SourceLink.Common": "10.0.201",
          "System.IO.Hashing": "10.0.5"
        }
      },
      "Microsoft.Build.Tasks.Git": {
        "type": "Transitive",
        "resolved": "10.0.201",
        "contentHash": "DMYBnrFZvLnBKn14VavEuuIr31CY6YY2i2L9P8DorS/Qp6ifRR8ZPLdJCFLFfjikNq8DykbYyLd/RP6lSqHcWw==",
        "dependencies": {
          "System.IO.Hashing": "10.0.5"
        }
      },
      "Microsoft.Extensions.DependencyInjection.Abstractions": {
        "type": "Transitive",
        "resolved": "10.0.5",
        "contentHash": "iVMtq9eRvzyhx8949EGT0OCYJfXi737SbRVzWXE5GrOgGj5AaZ9eUuxA/BSUfmOMALKn/g8KfFaNQw0eiB3lyA=="
      },
      "Microsoft.SourceLink.Common": {
        "type": "Transitive",
        "resolved": "10.0.201",
        "contentHash": "QbBYhkjgL6rCnBfDbzsAJLlsad13TlBHqYCFDIw56OO2g6ix+9RsmY8uxiQGdWwFKbZXaXyAA6jDCzFYVGCZDw=="
      },
      "System.IO.Hashing": {
        "type": "Transitive",
        "resolved": "10.0.5",
        "contentHash": "8IBJWcCT9+e4Bmevm4T7+fQEiAh133KGiz4oiVTgJckd3Q76OFdR1falgn9lpz7+C4HJvogCDJeAa2QmvbeVtg=="
      }
    },
    "net8.0": {
      "Microsoft.Extensions.DependencyInjection": {
        "type": "Direct",
        "requested": "[10.0.5, )",
        "resolved": "10.0.5",
        "contentHash": "v1SVsowG6YE1YnHVGmLWz57YTRCQRx9pH5ebIESXfm5isI9gA3QaMyg/oMTzPpXYZwSAVDzYItGJKfmV+pqXkQ==",
        "dependencies": {
          "Microsoft.Extensions.DependencyInjection.Abstractions": "10.0.5"
        }
      },
      "Microsoft.SourceLink.GitHub": {
        "type": "Direct",
        "requested": "[10.0.201, )",
        "resolved": "10.0.201",
        "contentHash": "qxYAmO4ktzd9L+HMdnqWucxpu7bI9undPyACXOMqPyhaiMtbpbYL/n0ACyWIJlbyEJrXFwxiOaBOSasLtDvsCg==",
        "dependencies": {
          "Microsoft.Build.Tasks.Git": "10.0.201",
          "Microsoft.SourceLink.Common": "10.0.201",
          "System.IO.Hashing": "10.0.5"
        }
      },
      "Microsoft.Build.Tasks.Git": {
        "type": "Transitive",
        "resolved": "10.0.201",
        "contentHash": "DMYBnrFZvLnBKn14VavEuuIr31CY6YY2i2L9P8DorS/Qp6ifRR8ZPLdJCFLFfjikNq8DykbYyLd/RP6lSqHcWw==",
        "dependencies": {
          "System.IO.Hashing": "10.0.5"
        }
      },
      "Microsoft.Extensions.DependencyInjection.Abstractions": {
        "type": "Transitive",
        "resolved": "10.0.5",
        "contentHash": "iVMtq9eRvzyhx8949EGT0OCYJfXi737SbRVzWXE5GrOgGj5AaZ9eUuxA/BSUfmOMALKn/g8KfFaNQw0eiB3lyA=="
      },
      "Microsoft.SourceLink.Common": {
        "type": "Transitive",
        "resolved": "10.0.201",
        "contentHash": "QbBYhkjgL6rCnBfDbzsAJLlsad13TlBHqYCFDIw56OO2g6ix+9RsmY8uxiQGdWwFKbZXaXyAA6jDCzFYVGCZDw=="
      },
      "System.IO.Hashing": {
        "type": "Transitive",
        "resolved": "10.0.5",
        "contentHash": "8IBJWcCT9+e4Bmevm4T7+fQEiAh133KGiz4oiVTgJckd3Q76OFdR1falgn9lpz7+C4HJvogCDJeAa2QmvbeVtg=="
      }
    }
  }
}