{
  "version": 1,
  "dependencies": {
    "net10.0": {
      "AwesomeAssertions": {
        "type": "Direct",
        "requested": "[9.6.0, )",
        "resolved": "9.6.0",
        "contentHash": "8kdtgI+tZIgP46ncnk650/dU4JSrn+n2Dkic8FvjIFn72P6Nv1Afyr5F8F3PsokHg1GBSBVo1/Z+eZOrU5esSA=="
      },
      "AwesomeAssertions.Json": {
        "type": "Direct",
        "requested": "[9.0.0, )",
        "resolved": "9.0.0",
        "contentHash": "h8xOiCwdKP45ezx9l2zwHNZm0YC0jambOQUKBz9aM9KPkuVingkM0DIOMTegS8o4RIJyvUfCTkvsVrK7dUqb+g==",
        "dependencies": {
          "AwesomeAssertions": "9.0.0",
          "Newtonsoft.Json": "13.0.1"
        }
      },
      "Microsoft.Testing.Extensions.CodeCoverage": {
        "type": "Direct",
        "requested": "[18.10.0, )",
        "resolved": "18.10.0",
        "contentHash": "elUX4tKloHh2VCxagbmhV1039xBuE3lKXITtt/hUYU286hl+ja8poOUsF9OnevKoFKt7+p9vLb1LqqW7rFGi9Q==",
        "dependencies": {
          "Microsoft.DiaSymReader": "2.2.10",
          "Microsoft.Extensions.DependencyModel": "10.0.10",
          "Microsoft.Testing.Platform": "2.3.3"
        }
      },
      "xunit.v3.mtp-v2": {
        "type": "Direct",
        "requested": "[4.0.0-pre.158, )",
        "resolved": "4.0.0-pre.158",
        "contentHash": "GdqjqeGx7N0a4ongU9ondsuH4xE3Tjj+omiwD6zmz+9/svru9UgkddkpB5EAaNVaIxGKbP/YT33ExkMogSnsHg==",
        "dependencies": {
          "xunit.analyzers": "2.0.0-pre.60",
          "xunit.v3.assert": "[4.0.0-pre.158]",
          "xunit.v3.core.mtp-v2": "[4.0.0-pre.158]"
        }
      },
      "Microsoft.ApplicationInsights": {
        "type": "Transitive",
        "resolved": "2.23.0",
        "contentHash": "nWArUZTdU7iqZLycLKWe0TDms48KKGE6pONH2terYNa8REXiqixrMOkf1sk5DHGMaUTqONU2YkS4SAXBhLStgw=="
      },
      "Microsoft.DiaSymReader": {
        "type": "Transitive",
        "resolved": "2.2.10",
        "contentHash": "zmGsm6b2y3STDa/Of7rdkkfTDV8VuGB8aCqIkLoJIQh5tL78K3zJ8OUyFKnfsaORXmGr9iOKwDkZfUjeXi+CwA=="
      },
      "Microsoft.Extensions.Configuration": {
        "type": "Transitive",
        "resolved": "10.0.11",
        "contentHash": "wlhRqZW8LcJPa+vk2oLAc/REXDItHtkFQdf/QcXYGZbZOO13izcsKY1pCvuFQYwUiZD+hwSZwsKASjqT+BNaVg==",
        "dependencies": {
          "Microsoft.Extensions.Configuration.Abstractions": "10.0.11",
          "Microsoft.Extensions.Primitives": "10.0.11"
        }
      },
      "Microsoft.Extensions.Configuration.Abstractions": {
        "type": "Transitive",
        "resolved": "10.0.11",
        "contentHash": "fVi053xdpda9Em7vSkmgVxO/PtgC2m78ekReKWsgcyskqY0U82Bz/MONwxpGzI0hElYKJfw+fupqMVeKW3fSaA==",
        "dependencies": {
          "Microsoft.Extensions.Primitives": "10.0.11"
        }
      },
      "Microsoft.Extensions.Configuration.Binder": {
        "type": "Transitive",
        "resolved": "10.0.11",
        "contentHash": "rFn8RuszZn3qquPVkDytMUlPc2+rXl9MCoygwc1XmAgC5vg5/oXJ8hkOosOrLoBLsqdTy4lFwP6iQdPS9uSYOA==",
        "dependencies": {
          "Microsoft.Extensions.Configuration": "10.0.11",
          "Microsoft.Extensions.Configuration.Abstractions": "10.0.11"
        }
      },
      "Microsoft.Extensions.Configuration.EnvironmentVariables": {
        "type": "Transitive",
        "resolved": "10.0.11",
        "contentHash": "KICyU3eVi5jvloKm01EXV69L97H/zkhISVtV98cIuzuFOxNx3xTUVcXqvWTz3aq7OvUuDB/MFlPFjmxRaKF7/A==",
        "dependencies": {
          "Microsoft.Extensions.Configuration": "10.0.11",
          "Microsoft.Extensions.Configuration.Abstractions": "10.0.11"
        }
      },
      "Microsoft.Extensions.DependencyInjection": {
        "type": "Transitive",
        "resolved": "10.0.11",
        "contentHash": "PSmotV19c7E3lKed++uYo1kSiXFI+uTl37CBSrhq+CfLC3FCHjG7R91+xPnNehQfHS1b0Tzo/CCLPWH3qaEheg==",
        "dependencies": {
          "Microsoft.Extensions.DependencyInjection.Abstractions": "10.0.11"
        }
      },
      "Microsoft.Extensions.DependencyInjection.Abstractions": {
        "type": "Transitive",
        "resolved": "10.0.11",
        "contentHash": "/a1aJz4m7ylhEDf25ugQChLQoN5XwoGjWw/BoR/ZWWKsO1v4DdJElS1uyngahz4B/eOzjFk1KNTkarRLE5wsIg=="
      },
      "Microsoft.Extensions.DependencyModel": {
        "type": "Transitive",
        "resolved": "10.0.10",
        "contentHash": "rfZA1RjR021RPqSmIPovfz2aOd79TGqJ9BengbjnzIISOVwjLmuSDnhCMmiY/1c6iYvGolQ1iNGzkav0u11XEA=="
      },
      "Microsoft.Extensions.Options": {
        "type": "Transitive",
        "resolved": "10.0.11",
        "contentHash": "eY1GAKcTfD2maP27J84X9IovT3yjHJ2dVDzPmDg6/XqYvt3jMzJhtfQCLjG9pVsZGAd+8DQ2QrjaDcs2+VQLGw==",
        "dependencies": {
          "Microsoft.Extensions.DependencyInjection.Abstractions": "10.0.11",
          "Microsoft.Extensions.Primitives": "10.0.11"
        }
      },
      "Microsoft.Extensions.Options.ConfigurationExtensions": {
        "type": "Transitive",
        "resolved": "10.0.11",
        "contentHash": "syEhXQ/sEaSBFaqzlp9gDGHX/nk6gkQkh1sIUpBO1mlBj3Phu1rmb4ML1uCiyPW9N6Kxfxv3y5FGObC+bV01Qw==",
        "dependencies": {
          "Microsoft.Extensions.Configuration.Abstractions": "10.0.11",
          "Microsoft.Extensions.Configuration.Binder": "10.0.11",
          "Microsoft.Extensions.DependencyInjection.Abstractions": "10.0.11",
          "Microsoft.Extensions.Options": "10.0.11",
          "Microsoft.Extensions.Primitives": "10.0.11"
        }
      },
      "Microsoft.Extensions.Primitives": {
        "type": "Transitive",
        "resolved": "10.0.11",
        "contentHash": "SXcz+kF+4Oo9b1+55zntpJFYfwb1jw66ioxptyNOOTDc8g2FHnBFWjZpsWfCvZIhzr0x+4e2trVTs4OKwQfBtw=="
      },
      "Microsoft.Testing.Extensions.Telemetry": {
        "type": "Transitive",
        "resolved": "2.3.2",
        "contentHash": "Q1iapTk1DwFFT9aPtv4wxJHe22++NLxsg7IekEujac9RDAugxGQdCN0SQ1b9ryF78cdidhSBB17pHdCANurOyQ==",
        "dependencies": {
          "Microsoft.ApplicationInsights": "2.23.0",
          "Microsoft.Testing.Platform": "2.3.2"
        }
      },
      "Microsoft.Testing.Extensions.TrxReport.Abstractions": {
        "type": "Transitive",
        "resolved": "2.3.2",
        "contentHash": "frw+Qa6gUxOZSw2Mw6SPtJT9gPzcP4nS9TfQhS0cHXKL6Rcp/CqLG+o4Psc1bHAhxW04rpzTBhjpNMnw2L7BuQ==",
        "dependencies": {
          "Microsoft.Testing.Platform": "2.3.2"
        }
      },
      "Microsoft.Testing.Platform": {
        "type": "Transitive",
        "resolved": "2.3.3",
        "contentHash": "ENbH4BQh9riXtOKc25KKITfiGGWhWMBJA7pZuNaF9zxzzSaVkp5AMeZxGQ6sXYaR6xb724NLz985Is6XIYqLSg=="
      },
      "Microsoft.Testing.Platform.MSBuild": {
        "type": "Transitive",
        "resolved": "2.3.2",
        "contentHash": "guFvvaE8FGUlB6h24jN+P+NBz/P5x4On9sk4n5UapUAPq4fr0y1AgUe4sXmItp7r2NMe3rhZYLE1teP9T9sVbg==",
        "dependencies": {
          "Microsoft.Testing.Platform": "2.3.2"
        }
      },
      "Microsoft.Win32.Registry": {
        "type": "Transitive",
        "resolved": "5.0.0",
        "contentHash": "dDoKi0PnDz31yAyETfRntsLArTlVAVzUzCIvvEDsDsucrl33Dl8pIJG06ePTJTI3tGpeyHS9Cq7Foc/s4EeKcg=="
      },
      "Newtonsoft.Json": {
        "type": "Transitive",
        "resolved": "13.0.1",
        "contentHash": "ppPFpBcvxdsfUonNcvITKqLl3bqxWbDCZIzDWHzjpdAHRFfZe0Dw9HmA0+za13IdyrgJwpkDTDA9fHaxOrt20A=="
      },
      "System.Reflection.MetadataLoadContext": {
        "type": "Transitive",
        "resolved": "10.0.11",
        "contentHash": "NbsfNbQ7E6aRhBtogseM6dGWwUgrgyska+CXnlsIEgJNmgGh1s8ps8fKDMSgwE6hMIsU3TP8BKfRlvOOSpxV+g=="
      },
      "System.Security.AccessControl": {
        "type": "Transitive",
        "resolved": "6.0.1",
        "contentHash": "IQ4NXP/B3Ayzvw0rDQzVTYsCKyy0Jp9KI6aYcK7UnGVlR9+Awz++TIPCQtPYfLJfOpm8ajowMR09V7quD3sEHw=="
      },
      "xunit.analyzers": {
        "type": "Transitive",
        "resolved": "2.0.0-pre.60",
        "contentHash": "RdPUls5OPeJ3gBdWQAfOCxhX8oJYKN7DYG8W67GCzXmNuEU/gpR9mAg/leRjJHEJhjjqJFB1EJbN8UVusOZ8iw=="
      },
      "xunit.v3.assert": {
        "type": "Transitive",
        "resolved": "4.0.0-pre.158",
        "contentHash": "h8SCsQgrcv5aMb3Rxf/ovC3jJXLefAkwlj3i3JPfq9X+Keq9AJ+Y26KxapGWneKlUflvgFVCPwx2TARsUKh4yA=="
      },
      "xunit.v3.core.mtp-v2": {
        "type": "Transitive",
        "resolved": "4.0.0-pre.158",
        "contentHash": "pdCyW9VL2e9k76uE3Yo8zouLsVMv/ssyAzot1hnoMilu0hsS7q8luM/e+/1N/NV4ru7jY5jmxUh9Tf8wfVECGA==",
        "dependencies": {
          "Microsoft.Testing.Extensions.Telemetry": "2.3.2",
          "Microsoft.Testing.Extensions.TrxReport.Abstractions": "2.3.2",
          "Microsoft.Testing.Platform": "2.3.2",
          "Microsoft.Testing.Platform.MSBuild": "2.3.2",
          "xunit.v3.extensibility.core": "[4.0.0-pre.158]",
          "xunit.v3.runner.inproc.console": "[4.0.0-pre.158]"
        }
      },
      "xunit.v3.runner.common": {
        "type": "Transitive",
        "resolved": "4.0.0-pre.158",
        "contentHash": "NEppsLKefVIBnxsOy8+rgGm60tP8dvVL9tSnwOUnRIg2Jat8XKXdg/ScNpQz3AtIxhkIAZVxmOHMiprCFL8rIg==",
        "dependencies": {
          "Microsoft.Win32.Registry": "[5.0.0]",
          "System.Security.AccessControl": "[6.0.1]",
          "xunit.v3.common": "[4.0.0-pre.158]"
        }
      },
      "xunit.v3.runner.inproc.console": {
        "type": "Transitive",
        "resolved": "4.0.0-pre.158",
        "contentHash": "DeI0oEv55FsorF2mBc9w0WCLEm0vp49VCnJ50YGw4eTH4Ln/N8opQNmUrAxiuVCFDRAey+IAJ+fMn/pvKQn2CA==",
        "dependencies": {
          "xunit.v3.extensibility.core": "[4.0.0-pre.158]",
          "xunit.v3.runner.common": "[4.0.0-pre.158]"
        }
      },
      "feff.testfixtures": {
        "type": "Project",
        "dependencies": {
          "FEFF.TestFixtures.Abstractions": "[0.0.1, )",
          "Microsoft.Extensions.Options.ConfigurationExtensions": "[10.0.11, )"
        }
      },
      "feff.testfixtures.abstractions": {
        "type": "Project",
        "dependencies": {
          "Microsoft.Extensions.DependencyInjection": "[10.0.11, )"
        }
      },
      "feff.testfixtures.engine": {
        "type": "Project",
        "dependencies": {
          "FEFF.TestFixtures.Abstractions": "[0.0.1, )",
          "Microsoft.Extensions.Configuration.EnvironmentVariables": "[10.0.11, )",
          "Microsoft.Extensions.DependencyInjection": "[10.0.11, )",
          "Microsoft.Extensions.Options": "[10.0.11, )",
          "Microsoft.Extensions.Options.ConfigurationExtensions": "[10.0.11, )",
          "System.Reflection.MetadataLoadContext": "[10.0.11, )"
        }
      },
      "feff.testfixtures.xunitv4": {
        "type": "Project",
        "dependencies": {
          "FEFF.TestFixtures": "[0.0.1, )",
          "FEFF.TestFixtures.Engine": "[0.0.1, )",
          "xunit.v3.extensibility.core": "[4.0.0, )"
        }
      },
      "xunitv4.testsubject": {
        "type": "Project",
        "dependencies": {
          "AwesomeAssertions": "[9.6.0, )",
          "FEFF.TestFixtures.XunitV4": "[0.0.1-preview, )",
          "Microsoft.Testing.Extensions.CodeCoverage": "[18.10.0, )",
          "xunit.v3.mtp-v2": "[4.0.0-pre.158, )"
        }
      }
    }
  }
}