{
  "version": 1,
  "dependencies": {
    "net10.0": {
      "AwesomeAssertions": {
        "type": "Direct",
        "requested": "[9.4.0, )",
        "resolved": "9.4.0",
        "contentHash": "dJxkWiQ8D+xT6Gr2sSL83+Mar+Vpy2JTcUPxFcckpPJ8VYBfSgnk+zqpS6t7kcGnjz8NLyF14qfuoL4bKzzoew=="
      },
      "AwesomeAssertions.Json": {
        "type": "Direct",
        "requested": "[9.0.0, )",
        "resolved": "9.0.0",
        "contentHash": "h8xOiCwdKP45ezx9l2zwHNZm0YC0jambOQUKBz9aM9KPkuVingkM0DIOMTegS8o4RIJyvUfCTkvsVrK7dUqb+g==",
        "dependencies": {
          "AwesomeAssertions": "9.0.0",
          "Newtonsoft.Json": "13.0.1"
        }
      },
      "Microsoft.Testing.Extensions.CodeCoverage": {
        "type": "Direct",
        "requested": "[18.9.0, )",
        "resolved": "18.9.0",
        "contentHash": "Odp8djWEUFTJoRV02y0zJaAwAHF31CtNaDgnKKM+8dBHbbaH7Ee0oo9gweLpbzjI7UrtMUzH6xLJSrICZw+Nwg==",
        "dependencies": {
          "Microsoft.DiaSymReader": "2.2.9",
          "Microsoft.Extensions.DependencyModel": "10.0.8",
          "Microsoft.Testing.Platform": "2.3.0"
        }
      },
      "xunit.v3.mtp-v2": {
        "type": "Direct",
        "requested": "[4.0.0-pre.148, )",
        "resolved": "4.0.0-pre.148",
        "contentHash": "dsnleVc0UTff2Z/5JP17KUBMMFG5HlmDoV1sWpc/IpScyR8y/j3Qts75ssk1SVwto00YsI5Ka0E/nQiN0psDng==",
        "dependencies": {
          "xunit.analyzers": "2.0.0-pre.56",
          "xunit.v3.assert": "[4.0.0-pre.148]",
          "xunit.v3.core.mtp-v2": "[4.0.0-pre.148]"
        }
      },
      "Microsoft.ApplicationInsights": {
        "type": "Transitive",
        "resolved": "2.23.0",
        "contentHash": "nWArUZTdU7iqZLycLKWe0TDms48KKGE6pONH2terYNa8REXiqixrMOkf1sk5DHGMaUTqONU2YkS4SAXBhLStgw=="
      },
      "Microsoft.DiaSymReader": {
        "type": "Transitive",
        "resolved": "2.2.9",
        "contentHash": "WLbDc/W9XkHpGVtd1L6Vml8W6+PaaYZZTJASHjHF7W2WX/hld6bfNK102Ui+I3a6zIdx4+oKRJtMgHz44JmBfw=="
      },
      "Microsoft.Extensions.Configuration": {
        "type": "Transitive",
        "resolved": "10.0.10",
        "contentHash": "plJWK2zpWuuyxI8F8s2scx6Je7N1Ajjs6HvYUGKwRnDMWIVIz9FHwAkiT7ASgrvAOd10T0FPVlh9BzAJJME+jg==",
        "dependencies": {
          "Microsoft.Extensions.Configuration.Abstractions": "10.0.10",
          "Microsoft.Extensions.Primitives": "10.0.10"
        }
      },
      "Microsoft.Extensions.Configuration.Abstractions": {
        "type": "Transitive",
        "resolved": "10.0.10",
        "contentHash": "5Vnd2I75DmZCVEjSynIdJ/0EGafgnLQwgR3t2C2/fkjx/nRG+cLwxLLdInoHeCEpkD5K4Ov/g9ZCRYrl4TRsaA==",
        "dependencies": {
          "Microsoft.Extensions.Primitives": "10.0.10"
        }
      },
      "Microsoft.Extensions.Configuration.Binder": {
        "type": "Transitive",
        "resolved": "10.0.10",
        "contentHash": "GqmN2o1CkJvk7uWp+p4CwBYW0w/zfoEbvsiFDbO2G8l1Uz+mrDAbAcZiXhU2lufKPby1cjAUdd5GTWpebYOkOA==",
        "dependencies": {
          "Microsoft.Extensions.Configuration": "10.0.10",
          "Microsoft.Extensions.Configuration.Abstractions": "10.0.10"
        }
      },
      "Microsoft.Extensions.Configuration.EnvironmentVariables": {
        "type": "Transitive",
        "resolved": "10.0.10",
        "contentHash": "KRfFSSCV58vEdU7mPED/YMzeovIWF5P0g8s9K8n9HEfy0/WzMq37SrPdXdFN5/dFT/rPMHpF7AvpoXHckbcBFg==",
        "dependencies": {
          "Microsoft.Extensions.Configuration": "10.0.10",
          "Microsoft.Extensions.Configuration.Abstractions": "10.0.10"
        }
      },
      "Microsoft.Extensions.DependencyInjection": {
        "type": "Transitive",
        "resolved": "10.0.10",
        "contentHash": "ANyvsgkNBRvcJh2XLgn8veGmajf+8m0AbKK+HPWdRL1yraSNVVSmQhFntLtdz/C795jxqqup+k05cs/3jZQPOA==",
        "dependencies": {
          "Microsoft.Extensions.DependencyInjection.Abstractions": "10.0.10"
        }
      },
      "Microsoft.Extensions.DependencyInjection.Abstractions": {
        "type": "Transitive",
        "resolved": "10.0.10",
        "contentHash": "z/2xXlFw2aLGjHyEm6E0tQ+In6VfzQzTrtArbQ2c0TQE16ZbyDCMGPvaUT9I0s8rgy9sRWlU2P9waW37qV04qA=="
      },
      "Microsoft.Extensions.DependencyModel": {
        "type": "Transitive",
        "resolved": "10.0.8",
        "contentHash": "vLyZVpxmduO2jx+76ggqnsA3m81kwMY3NkWciNTj5E+Nvqb0VihqCvQP89QsGONWp0AJwMZG+u9GzaCjDdFGNw=="
      },
      "Microsoft.Extensions.Options": {
        "type": "Transitive",
        "resolved": "10.0.10",
        "contentHash": "srnhnk7nE8krBiIXp71LvBmKBtraBONWSRzdjJgRv1Ko9Mp8IVNqv4vIS9hGeVteBig8aQkva9ZG+sC+o5sVcA==",
        "dependencies": {
          "Microsoft.Extensions.DependencyInjection.Abstractions": "10.0.10",
          "Microsoft.Extensions.Primitives": "10.0.10"
        }
      },
      "Microsoft.Extensions.Options.ConfigurationExtensions": {
        "type": "Transitive",
        "resolved": "10.0.10",
        "contentHash": "tnBmu/LwF25ZQK+HBNCu2xrwnkKoB/XEbJyooGGoYxHrhvxbSKi7eOFiJ4AXBy/QU4vtCvCJfoi8k9Ej72qzOQ==",
        "dependencies": {
          "Microsoft.Extensions.Configuration.Abstractions": "10.0.10",
          "Microsoft.Extensions.Configuration.Binder": "10.0.10",
          "Microsoft.Extensions.DependencyInjection.Abstractions": "10.0.10",
          "Microsoft.Extensions.Options": "10.0.10",
          "Microsoft.Extensions.Primitives": "10.0.10"
        }
      },
      "Microsoft.Extensions.Primitives": {
        "type": "Transitive",
        "resolved": "10.0.10",
        "contentHash": "5wu/GrYVd8mG2DVUw3vFJzF+O336TyTGg/Kmcgw9bfwYhCoFiV5lR5QeEmKecJyrW4W54nMfD3p3589E8a7czQ=="
      },
      "Microsoft.Testing.Extensions.Telemetry": {
        "type": "Transitive",
        "resolved": "2.2.3",
        "contentHash": "mLdW+JOR3kXYGTdgR/qc/UZBA0r+eCR2k6bUxTcuDj5w9WdIQ7Lol5MBUU7YOSGd9bs9bvhSYWAptgz0YtQqCA==",
        "dependencies": {
          "Microsoft.ApplicationInsights": "2.23.0",
          "Microsoft.Testing.Platform": "2.2.3"
        }
      },
      "Microsoft.Testing.Extensions.TrxReport.Abstractions": {
        "type": "Transitive",
        "resolved": "2.2.3",
        "contentHash": "hntvxJEkmUAx6C2xXc/PO38DqEQl4rimzOgSvTR1hAMruMid7R4RcXOrzzF33J66gKaN7jRaQ0TMW/nNfaV9jw==",
        "dependencies": {
          "Microsoft.Testing.Platform": "2.2.3"
        }
      },
      "Microsoft.Testing.Platform": {
        "type": "Transitive",
        "resolved": "2.3.0",
        "contentHash": "gsmLQaUN3Ddh0S4B0x0Q7IfBue7FNytJ8Bjec1JPad+9vqwIQvkgUS6fgmAJX/o3POu2xVbVbcaGhMV/2Ov9pg=="
      },
      "Microsoft.Testing.Platform.MSBuild": {
        "type": "Transitive",
        "resolved": "2.2.3",
        "contentHash": "Q22jJYJLx4srTinsAuoCskqmzjrBJC8YeGJMHHIcrf1dQeHoEZ7wsqDzTlENkMoke2qfufF7U+9u58nlZunH/Q==",
        "dependencies": {
          "Microsoft.Testing.Platform": "2.2.3"
        }
      },
      "Microsoft.Win32.Registry": {
        "type": "Transitive",
        "resolved": "5.0.0",
        "contentHash": "dDoKi0PnDz31yAyETfRntsLArTlVAVzUzCIvvEDsDsucrl33Dl8pIJG06ePTJTI3tGpeyHS9Cq7Foc/s4EeKcg=="
      },
      "Newtonsoft.Json": {
        "type": "Transitive",
        "resolved": "13.0.1",
        "contentHash": "ppPFpBcvxdsfUonNcvITKqLl3bqxWbDCZIzDWHzjpdAHRFfZe0Dw9HmA0+za13IdyrgJwpkDTDA9fHaxOrt20A=="
      },
      "System.Reflection.MetadataLoadContext": {
        "type": "Transitive",
        "resolved": "10.0.10",
        "contentHash": "7f8JfUA85nD2yOrTX9fhuHPp8P01qqnbGTtRiMK6rwNhS1jNLqoCJfdzLMOIZY8b9sBoAX3eOH04k1fWeCgOYQ=="
      },
      "System.Security.AccessControl": {
        "type": "Transitive",
        "resolved": "6.0.1",
        "contentHash": "IQ4NXP/B3Ayzvw0rDQzVTYsCKyy0Jp9KI6aYcK7UnGVlR9+Awz++TIPCQtPYfLJfOpm8ajowMR09V7quD3sEHw=="
      },
      "xunit.analyzers": {
        "type": "Transitive",
        "resolved": "2.0.0-pre.56",
        "contentHash": "kIT2Wy9E7RUNMJlFYG/o50sLqHNuFX/fF986T2r/zMC3W7p2S84ikCU9bexX9KpPlMV3/sCvMVQ49V+XAJ+x+g=="
      },
      "xunit.v3.assert": {
        "type": "Transitive",
        "resolved": "4.0.0-pre.148",
        "contentHash": "JgXB+/JbZ3+e6RDSXbNmlbEPZgoyDRZLA17mEGgsSv3nK+mcAkt6PDmoUS4WCnTofXss6Z+l++T4Wotm3JBXiQ=="
      },
      "xunit.v3.core.mtp-v2": {
        "type": "Transitive",
        "resolved": "4.0.0-pre.148",
        "contentHash": "ncTHg1kdVG0jEXZb+B7cZwOKopJamO2Kd+K/PQ2UnRhWKMemQBNfOWrqSdlUh7nZEx/YFI3QNmW54tJ32t1LJg==",
        "dependencies": {
          "Microsoft.Testing.Extensions.Telemetry": "2.2.3",
          "Microsoft.Testing.Extensions.TrxReport.Abstractions": "2.2.3",
          "Microsoft.Testing.Platform": "2.2.3",
          "Microsoft.Testing.Platform.MSBuild": "2.2.3",
          "xunit.v3.extensibility.core": "[4.0.0-pre.148]",
          "xunit.v3.runner.inproc.console": "[4.0.0-pre.148]"
        }
      },
      "xunit.v3.runner.common": {
        "type": "Transitive",
        "resolved": "4.0.0-pre.148",
        "contentHash": "QdrRkcb/py1oYvXhnJAi7tFSEp5P4XS/Y+0UeUxM3qrMunMCyWAdj9Pgth8ZBu+1knTKg3qy2a1Tdd321ZajBg==",
        "dependencies": {
          "Microsoft.Win32.Registry": "[5.0.0]",
          "System.Security.AccessControl": "[6.0.1]",
          "xunit.v3.common": "[4.0.0-pre.148]"
        }
      },
      "xunit.v3.runner.inproc.console": {
        "type": "Transitive",
        "resolved": "4.0.0-pre.148",
        "contentHash": "8kBNzl5+Uoyxz4UhPwjt1nJpU7LEh7qPSajdnUPJg9AA3RoU5T9Y1nVaFhA71LP7IoleEf34nKJh7qRuIUW8Vw==",
        "dependencies": {
          "xunit.v3.extensibility.core": "[4.0.0-pre.148]",
          "xunit.v3.runner.common": "[4.0.0-pre.148]"
        }
      },
      "feff.testfixtures": {
        "type": "Project",
        "dependencies": {
          "FEFF.TestFixtures.Abstractions": "[0.0.1, )",
          "Microsoft.Extensions.Options.ConfigurationExtensions": "[10.0.10, )"
        }
      },
      "feff.testfixtures.abstractions": {
        "type": "Project",
        "dependencies": {
          "Microsoft.Extensions.DependencyInjection": "[10.0.10, )"
        }
      },
      "feff.testfixtures.engine": {
        "type": "Project",
        "dependencies": {
          "FEFF.TestFixtures.Abstractions": "[0.0.1, )",
          "Microsoft.Extensions.Configuration.EnvironmentVariables": "[10.0.10, )",
          "Microsoft.Extensions.DependencyInjection": "[10.0.10, )",
          "Microsoft.Extensions.Options": "[10.0.10, )",
          "Microsoft.Extensions.Options.ConfigurationExtensions": "[10.0.10, )",
          "System.Reflection.MetadataLoadContext": "[10.0.10, )"
        }
      },
      "feff.testfixtures.xunitv4": {
        "type": "Project",
        "dependencies": {
          "FEFF.TestFixtures": "[0.0.1, )",
          "FEFF.TestFixtures.Engine": "[0.0.1, )",
          "xunit.v3.extensibility.core": "[4.0.0-pre.151, )"
        }
      },
      "xunitv4.testsubject": {
        "type": "Project",
        "dependencies": {
          "AwesomeAssertions": "[9.4.0, )",
          "FEFF.TestFixtures.XunitV4": "[0.0.1-preview, )",
          "Microsoft.Testing.Extensions.CodeCoverage": "[18.9.0, )",
          "xunit.v3.mtp-v2": "[4.0.0-pre.148, )"
        }
      }
    }
  }
}