{
  "version": 1,
  "dependencies": {
    "net10.0": {
      "Microsoft.SourceLink.GitHub": {
        "type": "Direct",
        "requested": "[10.0.201, )",
        "resolved": "10.0.201",
        "contentHash": "qxYAmO4ktzd9L+HMdnqWucxpu7bI9undPyACXOMqPyhaiMtbpbYL/n0ACyWIJlbyEJrXFwxiOaBOSasLtDvsCg==",
        "dependencies": {
          "Microsoft.Build.Tasks.Git": "10.0.201",
          "Microsoft.SourceLink.Common": "10.0.201",
          "System.IO.Hashing": "10.0.5"
        }
      },
      "TUnit.Core": {
        "type": "Direct",
        "requested": "[1.30.0, )",
        "resolved": "1.30.0",
        "contentHash": "WPbefiXTg9oXqhMDTLj1m3etI4fyhQMjWSimZgUNj5dVXHbgp8Bk5sN0OdOasYn7Hhb3jg/BEzkzAtBNvF2zXw=="
      },
      "Microsoft.Build.Tasks.Git": {
        "type": "Transitive",
        "resolved": "10.0.201",
        "contentHash": "DMYBnrFZvLnBKn14VavEuuIr31CY6YY2i2L9P8DorS/Qp6ifRR8ZPLdJCFLFfjikNq8DykbYyLd/RP6lSqHcWw==",
        "dependencies": {
          "System.IO.Hashing": "10.0.5"
        }
      },
      "Microsoft.Extensions.Configuration": {
        "type": "Transitive",
        "resolved": "10.0.5",
        "contentHash": "8Rx5sqg04FttxrumyG6bmoRuFRgYzK6IVwF1i0/o0cXfKBdDeVpJejKHtJCMjyg9E/DNMVqpqOGe/tCT5gYvVA==",
        "dependencies": {
          "Microsoft.Extensions.Configuration.Abstractions": "10.0.5",
          "Microsoft.Extensions.Primitives": "10.0.5"
        }
      },
      "Microsoft.Extensions.Configuration.Abstractions": {
        "type": "Transitive",
        "resolved": "10.0.5",
        "contentHash": "P09QpTHjqHmCLQOTC+WyLkoRNxek4NIvfWt+TnU0etoDUSRxcltyd6+j/ouRbMdLR0j44GqGO+lhI2M4fAHG4g==",
        "dependencies": {
          "Microsoft.Extensions.Primitives": "10.0.5"
        }
      },
      "Microsoft.Extensions.Configuration.Binder": {
        "type": "Transitive",
        "resolved": "10.0.5",
        "contentHash": "99Z4rjyXopb1MIazDSPcvwYCUdYNO01Cf1GUs2WUjIFAbkGmwzj2vPa2k+3pheJRV+YgNd2QqRKHAri0oBAU4Q==",
        "dependencies": {
          "Microsoft.Extensions.Configuration": "10.0.5",
          "Microsoft.Extensions.Configuration.Abstractions": "10.0.5"
        }
      },
      "Microsoft.Extensions.Configuration.EnvironmentVariables": {
        "type": "Transitive",
        "resolved": "10.0.5",
        "contentHash": "tchMGQ+zVTO40np/Zzg2Li/TIR8bksQgg4UVXZa0OzeFCKWnIYtxE2FVs+eSmjPGCjMS2voZbwN/mUcYfpSTuA==",
        "dependencies": {
          "Microsoft.Extensions.Configuration": "10.0.5",
          "Microsoft.Extensions.Configuration.Abstractions": "10.0.5"
        }
      },
      "Microsoft.Extensions.DependencyInjection": {
        "type": "Transitive",
        "resolved": "10.0.5",
        "contentHash": "v1SVsowG6YE1YnHVGmLWz57YTRCQRx9pH5ebIESXfm5isI9gA3QaMyg/oMTzPpXYZwSAVDzYItGJKfmV+pqXkQ==",
        "dependencies": {
          "Microsoft.Extensions.DependencyInjection.Abstractions": "10.0.5"
        }
      },
      "Microsoft.Extensions.DependencyInjection.Abstractions": {
        "type": "Transitive",
        "resolved": "10.0.5",
        "contentHash": "iVMtq9eRvzyhx8949EGT0OCYJfXi737SbRVzWXE5GrOgGj5AaZ9eUuxA/BSUfmOMALKn/g8KfFaNQw0eiB3lyA=="
      },
      "Microsoft.Extensions.Options": {
        "type": "Transitive",
        "resolved": "10.0.5",
        "contentHash": "MDaQMdUplw0AIRhWWmbLA7yQEXaLIHb+9CTroTiNS8OlI0LMXS4LCxtopqauiqGCWlRgJ+xyraVD8t6veRAFbw==",
        "dependencies": {
          "Microsoft.Extensions.DependencyInjection.Abstractions": "10.0.5",
          "Microsoft.Extensions.Primitives": "10.0.5"
        }
      },
      "Microsoft.Extensions.Options.ConfigurationExtensions": {
        "type": "Transitive",
        "resolved": "10.0.5",
        "contentHash": "BB9uUW3+6Rxu1R97OB1H/13lUF8P2+H1+eDhpZlK30kDh/6E4EKHBUqTp+ilXQmZLzsRErxON8aBSR6WpUKJdg==",
        "dependencies": {
          "Microsoft.Extensions.Configuration.Abstractions": "10.0.5",
          "Microsoft.Extensions.Configuration.Binder": "10.0.5",
          "Microsoft.Extensions.DependencyInjection.Abstractions": "10.0.5",
          "Microsoft.Extensions.Options": "10.0.5",
          "Microsoft.Extensions.Primitives": "10.0.5"
        }
      },
      "Microsoft.Extensions.Primitives": {
        "type": "Transitive",
        "resolved": "10.0.5",
        "contentHash": "/HUHJ0tw/LQvD0DZrz50eQy/3z7PfX7WWEaXnjKTV9/TNdcgFlNTZGo49QhS7PTmhDqMyHRMqAXSBxLh0vso4g=="
      },
      "Microsoft.SourceLink.Common": {
        "type": "Transitive",
        "resolved": "10.0.201",
        "contentHash": "QbBYhkjgL6rCnBfDbzsAJLlsad13TlBHqYCFDIw56OO2g6ix+9RsmY8uxiQGdWwFKbZXaXyAA6jDCzFYVGCZDw=="
      },
      "System.IO.Hashing": {
        "type": "Transitive",
        "resolved": "10.0.5",
        "contentHash": "8IBJWcCT9+e4Bmevm4T7+fQEiAh133KGiz4oiVTgJckd3Q76OFdR1falgn9lpz7+C4HJvogCDJeAa2QmvbeVtg=="
      },
      "System.Reflection.MetadataLoadContext": {
        "type": "Transitive",
        "resolved": "10.0.5",
        "contentHash": "z9yyFZcuCwtZXrxxDc2nBfB5lTHf96gS/rsD38Lcv6Ok25TOYPjNKlqpTZUqu2HTLPAM4w+/WjGL6gi9cIJO6w=="
      },
      "feff.testfixtures": {
        "type": "Project",
        "dependencies": {
          "FEFF.TestFixtures.Abstractions": "[1.4.1, )",
          "Microsoft.Extensions.Options.ConfigurationExtensions": "[10.0.5, )"
        }
      },
      "feff.testfixtures.abstractions": {
        "type": "Project",
        "dependencies": {
          "Microsoft.Extensions.DependencyInjection": "[10.0.5, )"
        }
      },
      "feff.testfixtures.engine": {
        "type": "Project",
        "dependencies": {
          "FEFF.TestFixtures.Abstractions": "[1.4.1, )",
          "Microsoft.Extensions.Configuration.EnvironmentVariables": "[10.0.5, )",
          "Microsoft.Extensions.DependencyInjection": "[10.0.5, )",
          "Microsoft.Extensions.Options": "[10.0.5, )",
          "Microsoft.Extensions.Options.ConfigurationExtensions": "[10.0.5, )",
          "System.Reflection.MetadataLoadContext": "[10.0.5, )"
        }
      }
    },
    "net8.0": {
      "Microsoft.SourceLink.GitHub": {
        "type": "Direct",
        "requested": "[10.0.201, )",
        "resolved": "10.0.201",
        "contentHash": "qxYAmO4ktzd9L+HMdnqWucxpu7bI9undPyACXOMqPyhaiMtbpbYL/n0ACyWIJlbyEJrXFwxiOaBOSasLtDvsCg==",
        "dependencies": {
          "Microsoft.Build.Tasks.Git": "10.0.201",
          "Microsoft.SourceLink.Common": "10.0.201",
          "System.IO.Hashing": "10.0.5"
        }
      },
      "TUnit.Core": {
        "type": "Direct",
        "requested": "[1.30.0, )",
        "resolved": "1.30.0",
        "contentHash": "WPbefiXTg9oXqhMDTLj1m3etI4fyhQMjWSimZgUNj5dVXHbgp8Bk5sN0OdOasYn7Hhb3jg/BEzkzAtBNvF2zXw=="
      },
      "Microsoft.Build.Tasks.Git": {
        "type": "Transitive",
        "resolved": "10.0.201",
        "contentHash": "DMYBnrFZvLnBKn14VavEuuIr31CY6YY2i2L9P8DorS/Qp6ifRR8ZPLdJCFLFfjikNq8DykbYyLd/RP6lSqHcWw==",
        "dependencies": {
          "System.IO.Hashing": "10.0.5"
        }
      },
      "Microsoft.Extensions.Configuration": {
        "type": "Transitive",
        "resolved": "10.0.5",
        "contentHash": "8Rx5sqg04FttxrumyG6bmoRuFRgYzK6IVwF1i0/o0cXfKBdDeVpJejKHtJCMjyg9E/DNMVqpqOGe/tCT5gYvVA==",
        "dependencies": {
          "Microsoft.Extensions.Configuration.Abstractions": "10.0.5",
          "Microsoft.Extensions.Primitives": "10.0.5"
        }
      },
      "Microsoft.Extensions.Configuration.Abstractions": {
        "type": "Transitive",
        "resolved": "10.0.5",
        "contentHash": "P09QpTHjqHmCLQOTC+WyLkoRNxek4NIvfWt+TnU0etoDUSRxcltyd6+j/ouRbMdLR0j44GqGO+lhI2M4fAHG4g==",
        "dependencies": {
          "Microsoft.Extensions.Primitives": "10.0.5"
        }
      },
      "Microsoft.Extensions.Configuration.Binder": {
        "type": "Transitive",
        "resolved": "10.0.5",
        "contentHash": "99Z4rjyXopb1MIazDSPcvwYCUdYNO01Cf1GUs2WUjIFAbkGmwzj2vPa2k+3pheJRV+YgNd2QqRKHAri0oBAU4Q==",
        "dependencies": {
          "Microsoft.Extensions.Configuration": "10.0.5",
          "Microsoft.Extensions.Configuration.Abstractions": "10.0.5"
        }
      },
      "Microsoft.Extensions.Configuration.EnvironmentVariables": {
        "type": "Transitive",
        "resolved": "10.0.5",
        "contentHash": "tchMGQ+zVTO40np/Zzg2Li/TIR8bksQgg4UVXZa0OzeFCKWnIYtxE2FVs+eSmjPGCjMS2voZbwN/mUcYfpSTuA==",
        "dependencies": {
          "Microsoft.Extensions.Configuration": "10.0.5",
          "Microsoft.Extensions.Configuration.Abstractions": "10.0.5"
        }
      },
      "Microsoft.Extensions.DependencyInjection": {
        "type": "Transitive",
        "resolved": "10.0.5",
        "contentHash": "v1SVsowG6YE1YnHVGmLWz57YTRCQRx9pH5ebIESXfm5isI9gA3QaMyg/oMTzPpXYZwSAVDzYItGJKfmV+pqXkQ==",
        "dependencies": {
          "Microsoft.Extensions.DependencyInjection.Abstractions": "10.0.5"
        }
      },
      "Microsoft.Extensions.DependencyInjection.Abstractions": {
        "type": "Transitive",
        "resolved": "10.0.5",
        "contentHash": "iVMtq9eRvzyhx8949EGT0OCYJfXi737SbRVzWXE5GrOgGj5AaZ9eUuxA/BSUfmOMALKn/g8KfFaNQw0eiB3lyA=="
      },
      "Microsoft.Extensions.Options": {
        "type": "Transitive",
        "resolved": "10.0.5",
        "contentHash": "MDaQMdUplw0AIRhWWmbLA7yQEXaLIHb+9CTroTiNS8OlI0LMXS4LCxtopqauiqGCWlRgJ+xyraVD8t6veRAFbw==",
        "dependencies": {
          "Microsoft.Extensions.DependencyInjection.Abstractions": "10.0.5",
          "Microsoft.Extensions.Primitives": "10.0.5"
        }
      },
      "Microsoft.Extensions.Options.ConfigurationExtensions": {
        "type": "Transitive",
        "resolved": "10.0.5",
        "contentHash": "BB9uUW3+6Rxu1R97OB1H/13lUF8P2+H1+eDhpZlK30kDh/6E4EKHBUqTp+ilXQmZLzsRErxON8aBSR6WpUKJdg==",
        "dependencies": {
          "Microsoft.Extensions.Configuration.Abstractions": "10.0.5",
          "Microsoft.Extensions.Configuration.Binder": "10.0.5",
          "Microsoft.Extensions.DependencyInjection.Abstractions": "10.0.5",
          "Microsoft.Extensions.Options": "10.0.5",
          "Microsoft.Extensions.Primitives": "10.0.5"
        }
      },
      "Microsoft.Extensions.Primitives": {
        "type": "Transitive",
        "resolved": "10.0.5",
        "contentHash": "/HUHJ0tw/LQvD0DZrz50eQy/3z7PfX7WWEaXnjKTV9/TNdcgFlNTZGo49QhS7PTmhDqMyHRMqAXSBxLh0vso4g=="
      },
      "Microsoft.SourceLink.Common": {
        "type": "Transitive",
        "resolved": "10.0.201",
        "contentHash": "QbBYhkjgL6rCnBfDbzsAJLlsad13TlBHqYCFDIw56OO2g6ix+9RsmY8uxiQGdWwFKbZXaXyAA6jDCzFYVGCZDw=="
      },
      "System.Collections.Immutable": {
        "type": "Transitive",
        "resolved": "10.0.5",
        "contentHash": "nozrOKfEgfrvvswkCfxaumY68RA/x1F3ZYwtwRvva8ul91NCnUzb6MKpl5/P7u9v/nIagVL4OXXj8d007tucxw=="
      },
      "System.IO.Hashing": {
        "type": "Transitive",
        "resolved": "10.0.5",
        "contentHash": "8IBJWcCT9+e4Bmevm4T7+fQEiAh133KGiz4oiVTgJckd3Q76OFdR1falgn9lpz7+C4HJvogCDJeAa2QmvbeVtg=="
      },
      "System.Reflection.Metadata": {
        "type": "Transitive",
        "resolved": "10.0.5",
        "contentHash": "fEAXJCtauNLYr5ESg3t6HE2Av6urWdJdymxZbuSt/DDqhtNtLtUtXTEpKbp0vkTdyBJwmaha8d2454vSzS/lcQ==",
        "dependencies": {
          "System.Collections.Immutable": "10.0.5"
        }
      },
      "System.Reflection.MetadataLoadContext": {
        "type": "Transitive",
        "resolved": "10.0.5",
        "contentHash": "z9yyFZcuCwtZXrxxDc2nBfB5lTHf96gS/rsD38Lcv6Ok25TOYPjNKlqpTZUqu2HTLPAM4w+/WjGL6gi9cIJO6w==",
        "dependencies": {
          "System.Collections.Immutable": "10.0.5",
          "System.Reflection.Metadata": "10.0.5"
        }
      },
      "feff.testfixtures": {
        "type": "Project",
        "dependencies": {
          "FEFF.TestFixtures.Abstractions": "[1.4.1, )",
          "Microsoft.Extensions.Options.ConfigurationExtensions": "[10.0.5, )"
        }
      },
      "feff.testfixtures.abstractions": {
        "type": "Project",
        "dependencies": {
          "Microsoft.Extensions.DependencyInjection": "[10.0.5, )"
        }
      },
      "feff.testfixtures.engine": {
        "type": "Project",
        "dependencies": {
          "FEFF.TestFixtures.Abstractions": "[1.4.1, )",
          "Microsoft.Extensions.Configuration.EnvironmentVariables": "[10.0.5, )",
          "Microsoft.Extensions.DependencyInjection": "[10.0.5, )",
          "Microsoft.Extensions.Options": "[10.0.5, )",
          "Microsoft.Extensions.Options.ConfigurationExtensions": "[10.0.5, )",
          "System.Reflection.MetadataLoadContext": "[10.0.5, )"
        }
      }
    }
  }
}