{
  "version": 1,
  "dependencies": {
    "net10.0": {
      "AwesomeAssertions": {
        "type": "Direct",
        "requested": "[9.5.0, )",
        "resolved": "9.5.0",
        "contentHash": "F92MsjoF8B7IdcWETru4QGZx6VAl38qQPKNGS3kwPwlLB5lb0O4bhFqG8a8sz2estQJWkKmZkVy1r19HTaFcpg=="
      },
      "AwesomeAssertions.Json": {
        "type": "Direct",
        "requested": "[9.0.0, )",
        "resolved": "9.0.0",
        "contentHash": "h8xOiCwdKP45ezx9l2zwHNZm0YC0jambOQUKBz9aM9KPkuVingkM0DIOMTegS8o4RIJyvUfCTkvsVrK7dUqb+g==",
        "dependencies": {
          "AwesomeAssertions": "9.0.0",
          "Newtonsoft.Json": "13.0.1"
        }
      },
      "FEFF.TestFixtures.XunitV3": {
        "type": "Direct",
        "requested": "[1.6.1, )",
        "resolved": "1.6.1",
        "contentHash": "kMb8EUayrYkGvERqW7qRGPMDiTprgB4HLGd1WW7PhvyFozwTCa2PbqJpkOPuqW3LuApTs7nQla7dvjl3Bbhmcg==",
        "dependencies": {
          "FEFF.TestFixtures": "1.6.1",
          "FEFF.TestFixtures.Engine": "1.6.1",
          "xunit.v3.extensibility.core": "3.2.2"
        }
      },
      "Microsoft.Testing.Extensions.CodeCoverage": {
        "type": "Direct",
        "requested": "[18.9.0, )",
        "resolved": "18.9.0",
        "contentHash": "Odp8djWEUFTJoRV02y0zJaAwAHF31CtNaDgnKKM+8dBHbbaH7Ee0oo9gweLpbzjI7UrtMUzH6xLJSrICZw+Nwg==",
        "dependencies": {
          "Microsoft.DiaSymReader": "2.2.9",
          "Microsoft.Extensions.DependencyModel": "10.0.8",
          "Microsoft.Testing.Platform": "2.3.0"
        }
      },
      "xunit.v3.mtp-v2": {
        "type": "Direct",
        "requested": "[3.2.2, )",
        "resolved": "3.2.2",
        "contentHash": "S0LJpeMIMrmbVLXDCvPVX47OLk28qBYfGU+5SNCbarOEdw8oKLfiVqaACwuYRvLiOqDEB/+VJ8gTSB1ZwheoOQ==",
        "dependencies": {
          "xunit.analyzers": "1.27.0",
          "xunit.v3.assert": "[3.2.2]",
          "xunit.v3.core.mtp-v2": "[3.2.2]"
        }
      },
      "FEFF.TestFixtures": {
        "type": "Transitive",
        "resolved": "1.6.1",
        "contentHash": "+L3YNFffyeVpFZkNn/q8HTHNnk/Z8OQnpxaYd2ZjqHZGffOPLizoGNnvudGL//YVvXHYRCRlFK6m22aaVbYLOw==",
        "dependencies": {
          "FEFF.TestFixtures.Abstractions": "1.6.1",
          "Microsoft.Extensions.Options.ConfigurationExtensions": "10.0.8"
        }
      },
      "FEFF.TestFixtures.Abstractions": {
        "type": "Transitive",
        "resolved": "1.6.1",
        "contentHash": "ezOpqbCOm9i29ESe9VHkrt/mvj1QHriXtFnR8mqZU9MwLn0ESRiVAuwEsz3lPlQTU6hY+CV8Ynm8VziCvUPa+w==",
        "dependencies": {
          "Microsoft.Extensions.DependencyInjection": "10.0.8"
        }
      },
      "FEFF.TestFixtures.Engine": {
        "type": "Transitive",
        "resolved": "1.6.1",
        "contentHash": "PRA0Pr4ZJ0+O+E3lgV8OlCt0DVJnPumYWDCzFO6p9RxzKu2OcJdSPxCQYRT5Zt+wiYevul2a7at7ACuCsaSojw==",
        "dependencies": {
          "FEFF.TestFixtures.Abstractions": "1.6.1",
          "Microsoft.Extensions.Configuration.EnvironmentVariables": "10.0.8",
          "Microsoft.Extensions.DependencyInjection": "10.0.8",
          "Microsoft.Extensions.Options": "10.0.8",
          "Microsoft.Extensions.Options.ConfigurationExtensions": "10.0.8",
          "System.Reflection.MetadataLoadContext": "10.0.8"
        }
      },
      "Microsoft.ApplicationInsights": {
        "type": "Transitive",
        "resolved": "2.23.0",
        "contentHash": "nWArUZTdU7iqZLycLKWe0TDms48KKGE6pONH2terYNa8REXiqixrMOkf1sk5DHGMaUTqONU2YkS4SAXBhLStgw=="
      },
      "Microsoft.Bcl.AsyncInterfaces": {
        "type": "Transitive",
        "resolved": "6.0.0",
        "contentHash": "UcSjPsst+DfAdJGVDsu346FX0ci0ah+lw3WRtn18NUwEqRt70HaOQ7lI72vy3+1LxtqI3T5GWwV39rQSrCzAeg=="
      },
      "Microsoft.DiaSymReader": {
        "type": "Transitive",
        "resolved": "2.2.9",
        "contentHash": "WLbDc/W9XkHpGVtd1L6Vml8W6+PaaYZZTJASHjHF7W2WX/hld6bfNK102Ui+I3a6zIdx4+oKRJtMgHz44JmBfw=="
      },
      "Microsoft.Extensions.Configuration": {
        "type": "Transitive",
        "resolved": "10.0.8",
        "contentHash": "ehZcoPbjzWzS4XFvuz7R3V55SmpdkyMqFURLH3yXaN9NtXd9tR6CGB7pd49HYtCkenl+G7ctXSFLhNI08xLfRg==",
        "dependencies": {
          "Microsoft.Extensions.Configuration.Abstractions": "10.0.8",
          "Microsoft.Extensions.Primitives": "10.0.8"
        }
      },
      "Microsoft.Extensions.Configuration.Abstractions": {
        "type": "Transitive",
        "resolved": "10.0.8",
        "contentHash": "I63esIFbL3h5pSt7gXpXOlmcwDmYBUoYNEglKfDPFUqtYvSV84f2l28hO2lfVXsV0wdlplgAM7IVz16matapSg==",
        "dependencies": {
          "Microsoft.Extensions.Primitives": "10.0.8"
        }
      },
      "Microsoft.Extensions.Configuration.Binder": {
        "type": "Transitive",
        "resolved": "10.0.8",
        "contentHash": "R3NN1X+kVu14uoxLEW6sBSQyhogDSbaOQzILnCtuXxBN4hx22AgjWPwZX6v/suERFkEDgU1lk12AglHTrUxhlw==",
        "dependencies": {
          "Microsoft.Extensions.Configuration": "10.0.8",
          "Microsoft.Extensions.Configuration.Abstractions": "10.0.8"
        }
      },
      "Microsoft.Extensions.Configuration.EnvironmentVariables": {
        "type": "Transitive",
        "resolved": "10.0.8",
        "contentHash": "bVGqctAfPGfTxJvNp8pMshtvpsUj6r6JkeiCNVIGVYO5gBxuxdN0Lbr25kEvE/zXdctkEc44g8HssnPgDnFGVA==",
        "dependencies": {
          "Microsoft.Extensions.Configuration": "10.0.8",
          "Microsoft.Extensions.Configuration.Abstractions": "10.0.8"
        }
      },
      "Microsoft.Extensions.DependencyInjection": {
        "type": "Transitive",
        "resolved": "10.0.8",
        "contentHash": "daf62xHIrq8pnE709hgaZZN9tSam9TGGepWe1+bE6V3GEuVwJiMs6ib+38lfMCyAJAHiX0vapxBhsuMSV7U+cg==",
        "dependencies": {
          "Microsoft.Extensions.DependencyInjection.Abstractions": "10.0.8"
        }
      },
      "Microsoft.Extensions.DependencyInjection.Abstractions": {
        "type": "Transitive",
        "resolved": "10.0.8",
        "contentHash": "21nbDV60SRPWGIivsyl6lqBeEJNG1sginhhfWgRrr3Ais7aQ12To25OAHQxgoiJkjqy1aQ6RxpZBGYuTi7Ge6A=="
      },
      "Microsoft.Extensions.DependencyModel": {
        "type": "Transitive",
        "resolved": "10.0.8",
        "contentHash": "vLyZVpxmduO2jx+76ggqnsA3m81kwMY3NkWciNTj5E+Nvqb0VihqCvQP89QsGONWp0AJwMZG+u9GzaCjDdFGNw=="
      },
      "Microsoft.Extensions.Options": {
        "type": "Transitive",
        "resolved": "10.0.8",
        "contentHash": "VBD+131DpTNCNDfA4kIyKTiCySvJGNhwibdWBSdFRu7GMfXLXcXODkgA+KStKbbhzraLglZWUN4nXyHgW4JIRA==",
        "dependencies": {
          "Microsoft.Extensions.DependencyInjection.Abstractions": "10.0.8",
          "Microsoft.Extensions.Primitives": "10.0.8"
        }
      },
      "Microsoft.Extensions.Options.ConfigurationExtensions": {
        "type": "Transitive",
        "resolved": "10.0.8",
        "contentHash": "VOapXeO3lhBH0zYoyAH7tjapuo4V5pTHlevPpiSHueEquAajqd5nF0mttm+h/uE/exwAEuM5s26SzOJtletE3w==",
        "dependencies": {
          "Microsoft.Extensions.Configuration.Abstractions": "10.0.8",
          "Microsoft.Extensions.Configuration.Binder": "10.0.8",
          "Microsoft.Extensions.DependencyInjection.Abstractions": "10.0.8",
          "Microsoft.Extensions.Options": "10.0.8",
          "Microsoft.Extensions.Primitives": "10.0.8"
        }
      },
      "Microsoft.Extensions.Primitives": {
        "type": "Transitive",
        "resolved": "10.0.8",
        "contentHash": "OBPo4nYhMyIbtueoC10CBm6AGAbo/A9IV8QQ/6ryZS7VvmqpGT7hunazeHLxFawRzn3oLOq4jhqhpBX4tfswWQ=="
      },
      "Microsoft.Testing.Extensions.Telemetry": {
        "type": "Transitive",
        "resolved": "2.0.2",
        "contentHash": "H580BvHyuADoWzlH9zRk5fqVyGucm6mhph+k40CQc9O4ie+Buxa4Pk9Q92BEClqIICqi25J7fuMII9qFYYgKtw==",
        "dependencies": {
          "Microsoft.ApplicationInsights": "2.23.0",
          "Microsoft.Testing.Platform": "2.0.2"
        }
      },
      "Microsoft.Testing.Extensions.TrxReport.Abstractions": {
        "type": "Transitive",
        "resolved": "2.0.2",
        "contentHash": "MrHYdPZ1CiyYp5bfjzNSghfVwl/I9osMazcZMAbwZY0BhR32i70YLf4zSXECvU2qt2PvDdrjYpGRgBscFbjDpw==",
        "dependencies": {
          "Microsoft.Testing.Platform": "2.0.2"
        }
      },
      "Microsoft.Testing.Platform": {
        "type": "Transitive",
        "resolved": "2.3.0",
        "contentHash": "gsmLQaUN3Ddh0S4B0x0Q7IfBue7FNytJ8Bjec1JPad+9vqwIQvkgUS6fgmAJX/o3POu2xVbVbcaGhMV/2Ov9pg=="
      },
      "Microsoft.Testing.Platform.MSBuild": {
        "type": "Transitive",
        "resolved": "2.0.2",
        "contentHash": "2zKkQKaUoaKgb/3AekboWOdLMh4upCo1nLWQnjGzp8r9YjiNOZRrzTsJQ3A4U03AcbH0evlIvFDKYSUqmTVuug==",
        "dependencies": {
          "Microsoft.Testing.Platform": "2.0.2"
        }
      },
      "Microsoft.Win32.Registry": {
        "type": "Transitive",
        "resolved": "5.0.0",
        "contentHash": "dDoKi0PnDz31yAyETfRntsLArTlVAVzUzCIvvEDsDsucrl33Dl8pIJG06ePTJTI3tGpeyHS9Cq7Foc/s4EeKcg=="
      },
      "Newtonsoft.Json": {
        "type": "Transitive",
        "resolved": "13.0.1",
        "contentHash": "ppPFpBcvxdsfUonNcvITKqLl3bqxWbDCZIzDWHzjpdAHRFfZe0Dw9HmA0+za13IdyrgJwpkDTDA9fHaxOrt20A=="
      },
      "System.Reflection.MetadataLoadContext": {
        "type": "Transitive",
        "resolved": "10.0.8",
        "contentHash": "w9sjhVDe4AKkyswUctVK3oCmZHaA7g+ZUG/xDmzgbsOGxmeRQA6lCQeAh6r75K0lcsLlfBzZXmsNblndyNJhxw=="
      },
      "xunit.analyzers": {
        "type": "Transitive",
        "resolved": "1.27.0",
        "contentHash": "y/pxIQaLvk/kxAoDkZW9GnHLCEqzwl5TW0vtX3pweyQpjizB9y3DXhb9pkw2dGeUqhLjsxvvJM1k89JowU6z3g=="
      },
      "xunit.v3.assert": {
        "type": "Transitive",
        "resolved": "3.2.2",
        "contentHash": "BPciBghgEEaJN/JG00QfCYDfEfnLgQhfnYEy+j1izoeHVNYd5+3Wm8GJ6JgYysOhpBPYGE+sbf75JtrRc7jrdA=="
      },
      "xunit.v3.common": {
        "type": "Transitive",
        "resolved": "3.2.2",
        "contentHash": "Hj775PEH6GTbbg0wfKRvG2hNspDCvTH9irXhH4qIWgdrOSV1sQlqPie+DOvFeigsFg2fxSM3ZAaaCDQs+KreFA==",
        "dependencies": {
          "Microsoft.Bcl.AsyncInterfaces": "6.0.0"
        }
      },
      "xunit.v3.core.mtp-v2": {
        "type": "Transitive",
        "resolved": "3.2.2",
        "contentHash": "zW82tdCm+T1uUD1JKE+SmhgMq8nCAvcFPRLIVEiRgaxBSjcyJEKopLU3bHGOa416q+N3Dz7m1zLoPR5VJ5OQ+Q==",
        "dependencies": {
          "Microsoft.Testing.Extensions.Telemetry": "2.0.2",
          "Microsoft.Testing.Extensions.TrxReport.Abstractions": "2.0.2",
          "Microsoft.Testing.Platform": "2.0.2",
          "Microsoft.Testing.Platform.MSBuild": "2.0.2",
          "xunit.v3.extensibility.core": "[3.2.2]",
          "xunit.v3.runner.inproc.console": "[3.2.2]"
        }
      },
      "xunit.v3.extensibility.core": {
        "type": "Transitive",
        "resolved": "3.2.2",
        "contentHash": "srY8z/oMPvh/t8axtO2DwrHajhFMH7tnqKildvYrVQIfICi8fOn3yIBWkVPAcrKmHMwvXRJ/XsQM3VMR6DOYfQ==",
        "dependencies": {
          "xunit.v3.common": "[3.2.2]"
        }
      },
      "xunit.v3.runner.common": {
        "type": "Transitive",
        "resolved": "3.2.2",
        "contentHash": "/hkHkQCzGrugelOAehprm7RIWdsUFVmIVaD6jDH/8DNGCymTlKKPTbGokD5czbAfqfex47mBP0sb0zbHYwrO/g==",
        "dependencies": {
          "Microsoft.Win32.Registry": "[5.0.0]",
          "xunit.v3.common": "[3.2.2]"
        }
      },
      "xunit.v3.runner.inproc.console": {
        "type": "Transitive",
        "resolved": "3.2.2",
        "contentHash": "ulWOdSvCk+bPXijJZ73bth9NyoOHsAs1ZOvamYbCkD4DNLX/Bd29Ve2ZNUwBbK0MqfIYWXHZViy/HKrdEC/izw==",
        "dependencies": {
          "xunit.v3.extensibility.core": "[3.2.2]",
          "xunit.v3.runner.common": "[3.2.2]"
        }
      }
    }
  }
}