{
  "version": 1,
  "dependencies": {
    "net10.0": {
      "AwesomeAssertions": {
        "type": "Direct",
        "requested": "[9.4.0, )",
        "resolved": "9.4.0",
        "contentHash": "dJxkWiQ8D+xT6Gr2sSL83+Mar+Vpy2JTcUPxFcckpPJ8VYBfSgnk+zqpS6t7kcGnjz8NLyF14qfuoL4bKzzoew=="
      },
      "Microsoft.Testing.Extensions.CodeCoverage": {
        "type": "Direct",
        "requested": "[18.9.0, )",
        "resolved": "18.9.0",
        "contentHash": "Odp8djWEUFTJoRV02y0zJaAwAHF31CtNaDgnKKM+8dBHbbaH7Ee0oo9gweLpbzjI7UrtMUzH6xLJSrICZw+Nwg==",
        "dependencies": {
          "Microsoft.DiaSymReader": "2.2.9",
          "Microsoft.Extensions.DependencyModel": "10.0.8",
          "Microsoft.Testing.Platform": "2.3.0"
        }
      },
      "xunit.v3.mtp-v2": {
        "type": "Direct",
        "requested": "[4.0.0-pre.148, )",
        "resolved": "4.0.0-pre.148",
        "contentHash": "dsnleVc0UTff2Z/5JP17KUBMMFG5HlmDoV1sWpc/IpScyR8y/j3Qts75ssk1SVwto00YsI5Ka0E/nQiN0psDng==",
        "dependencies": {
          "xunit.analyzers": "2.0.0-pre.56",
          "xunit.v3.assert": "[4.0.0-pre.148]",
          "xunit.v3.core.mtp-v2": "[4.0.0-pre.148]"
        }
      },
      "Microsoft.ApplicationInsights": {
        "type": "Transitive",
        "resolved": "2.23.0",
        "contentHash": "nWArUZTdU7iqZLycLKWe0TDms48KKGE6pONH2terYNa8REXiqixrMOkf1sk5DHGMaUTqONU2YkS4SAXBhLStgw=="
      },
      "Microsoft.Bcl.AsyncInterfaces": {
        "type": "Transitive",
        "resolved": "6.0.0",
        "contentHash": "UcSjPsst+DfAdJGVDsu346FX0ci0ah+lw3WRtn18NUwEqRt70HaOQ7lI72vy3+1LxtqI3T5GWwV39rQSrCzAeg=="
      },
      "Microsoft.DiaSymReader": {
        "type": "Transitive",
        "resolved": "2.2.9",
        "contentHash": "WLbDc/W9XkHpGVtd1L6Vml8W6+PaaYZZTJASHjHF7W2WX/hld6bfNK102Ui+I3a6zIdx4+oKRJtMgHz44JmBfw=="
      },
      "Microsoft.Extensions.Configuration": {
        "type": "Transitive",
        "resolved": "10.0.9",
        "contentHash": "woZsWLhOQsASuxbmgiZJqiGUBNo3IjRdXC92xt8rRokza+P6/nIsnzq7sm9Or6ZYcRl2kL1ufj8HVzp1QlPTXw==",
        "dependencies": {
          "Microsoft.Extensions.Configuration.Abstractions": "10.0.9",
          "Microsoft.Extensions.Primitives": "10.0.9"
        }
      },
      "Microsoft.Extensions.Configuration.Abstractions": {
        "type": "Transitive",
        "resolved": "10.0.9",
        "contentHash": "qGhRPd3VxfLV9UqatVOiD9mAeUbj2KiMwGFYC5uXlzExiZQoe4X/hdmzGIU7BQjNLTqCnnbTHVyBglG3668/HA==",
        "dependencies": {
          "Microsoft.Extensions.Primitives": "10.0.9"
        }
      },
      "Microsoft.Extensions.Configuration.Binder": {
        "type": "Transitive",
        "resolved": "10.0.9",
        "contentHash": "Tp/+LPb70RyjjtLg9m5C959eP4KrUpJHThZfAegZVpsfmGvzfuNkuYbI/ft+LvXhMSyUcAeOPaN6rzTccwnZAg==",
        "dependencies": {
          "Microsoft.Extensions.Configuration": "10.0.9",
          "Microsoft.Extensions.Configuration.Abstractions": "10.0.9"
        }
      },
      "Microsoft.Extensions.Configuration.EnvironmentVariables": {
        "type": "Transitive",
        "resolved": "10.0.9",
        "contentHash": "JhKySWIL8+N4yFt4HPm1rGKCHooze+MBdTdpXc0bd/PGm31TrSUi2m0Nek1y441Wlv/RE6VH0W/DCv2xnmy8FA==",
        "dependencies": {
          "Microsoft.Extensions.Configuration": "10.0.9",
          "Microsoft.Extensions.Configuration.Abstractions": "10.0.9"
        }
      },
      "Microsoft.Extensions.DependencyInjection": {
        "type": "Transitive",
        "resolved": "10.0.9",
        "contentHash": "NijozhERJDIaJ4k5TSMy1jOi0cSC2HfkvRD/Sl+kGSSKgVbFnF4GxgtMN/MrzHB8D1JxIrD4xSer9Blh9v3axQ==",
        "dependencies": {
          "Microsoft.Extensions.DependencyInjection.Abstractions": "10.0.9"
        }
      },
      "Microsoft.Extensions.DependencyInjection.Abstractions": {
        "type": "Transitive",
        "resolved": "10.0.9",
        "contentHash": "g41l/30G3K4B/d/L8kjux0+30e27c8D0FVQ/PFCpbekgfDpj9mnDhieP67EqXWvl1EWNeZh2rpR4F5B/jcDOHA=="
      },
      "Microsoft.Extensions.DependencyModel": {
        "type": "Transitive",
        "resolved": "10.0.8",
        "contentHash": "vLyZVpxmduO2jx+76ggqnsA3m81kwMY3NkWciNTj5E+Nvqb0VihqCvQP89QsGONWp0AJwMZG+u9GzaCjDdFGNw=="
      },
      "Microsoft.Extensions.Options": {
        "type": "Transitive",
        "resolved": "10.0.9",
        "contentHash": "hyNdX4c2UwkRkzb9byw0H2DQkRzwBM3mzY2sCM9egwzTyg8dvQJmp5noQHGEaaCORQrNK3DD2gREBsc2DlXS4A==",
        "dependencies": {
          "Microsoft.Extensions.DependencyInjection.Abstractions": "10.0.9",
          "Microsoft.Extensions.Primitives": "10.0.9"
        }
      },
      "Microsoft.Extensions.Options.ConfigurationExtensions": {
        "type": "Transitive",
        "resolved": "10.0.9",
        "contentHash": "Y4E24zffF/aPS0igNvY6ZzAQfbxd6AYdC9L4brnH+uK0yYYHIR6FeGVQVVjAOo8wub1EQDl2B90lCcpqoTF7Yw==",
        "dependencies": {
          "Microsoft.Extensions.Configuration.Abstractions": "10.0.9",
          "Microsoft.Extensions.Configuration.Binder": "10.0.9",
          "Microsoft.Extensions.DependencyInjection.Abstractions": "10.0.9",
          "Microsoft.Extensions.Options": "10.0.9",
          "Microsoft.Extensions.Primitives": "10.0.9"
        }
      },
      "Microsoft.Extensions.Primitives": {
        "type": "Transitive",
        "resolved": "10.0.9",
        "contentHash": "fmEbAUFsaIKirgLt/lYhuFRBwhcSJN31jjHgCdbQxJiWOum6EdLjkbgGuukSP9z/a+9LibaxII/kF+GwOXgC4g=="
      },
      "Microsoft.Testing.Extensions.Telemetry": {
        "type": "Transitive",
        "resolved": "2.2.3",
        "contentHash": "mLdW+JOR3kXYGTdgR/qc/UZBA0r+eCR2k6bUxTcuDj5w9WdIQ7Lol5MBUU7YOSGd9bs9bvhSYWAptgz0YtQqCA==",
        "dependencies": {
          "Microsoft.ApplicationInsights": "2.23.0",
          "Microsoft.Testing.Platform": "2.2.3"
        }
      },
      "Microsoft.Testing.Extensions.TrxReport.Abstractions": {
        "type": "Transitive",
        "resolved": "2.2.3",
        "contentHash": "hntvxJEkmUAx6C2xXc/PO38DqEQl4rimzOgSvTR1hAMruMid7R4RcXOrzzF33J66gKaN7jRaQ0TMW/nNfaV9jw==",
        "dependencies": {
          "Microsoft.Testing.Platform": "2.2.3"
        }
      },
      "Microsoft.Testing.Platform": {
        "type": "Transitive",
        "resolved": "2.3.0",
        "contentHash": "gsmLQaUN3Ddh0S4B0x0Q7IfBue7FNytJ8Bjec1JPad+9vqwIQvkgUS6fgmAJX/o3POu2xVbVbcaGhMV/2Ov9pg=="
      },
      "Microsoft.Testing.Platform.MSBuild": {
        "type": "Transitive",
        "resolved": "2.2.3",
        "contentHash": "Q22jJYJLx4srTinsAuoCskqmzjrBJC8YeGJMHHIcrf1dQeHoEZ7wsqDzTlENkMoke2qfufF7U+9u58nlZunH/Q==",
        "dependencies": {
          "Microsoft.Testing.Platform": "2.2.3"
        }
      },
      "Microsoft.Win32.Registry": {
        "type": "Transitive",
        "resolved": "5.0.0",
        "contentHash": "dDoKi0PnDz31yAyETfRntsLArTlVAVzUzCIvvEDsDsucrl33Dl8pIJG06ePTJTI3tGpeyHS9Cq7Foc/s4EeKcg=="
      },
      "System.Reflection.MetadataLoadContext": {
        "type": "Transitive",
        "resolved": "10.0.9",
        "contentHash": "R/Zuc7ZM2rKeBM/b1Y9oS+WaRGgqw64maJiULAx4JlGL4eYZEXti3CxGq+dlthfGRx4UP1ie8T7T9n8MD3hKQw=="
      },
      "System.Security.AccessControl": {
        "type": "Transitive",
        "resolved": "6.0.1",
        "contentHash": "IQ4NXP/B3Ayzvw0rDQzVTYsCKyy0Jp9KI6aYcK7UnGVlR9+Awz++TIPCQtPYfLJfOpm8ajowMR09V7quD3sEHw=="
      },
      "xunit.analyzers": {
        "type": "Transitive",
        "resolved": "2.0.0-pre.56",
        "contentHash": "kIT2Wy9E7RUNMJlFYG/o50sLqHNuFX/fF986T2r/zMC3W7p2S84ikCU9bexX9KpPlMV3/sCvMVQ49V+XAJ+x+g=="
      },
      "xunit.v3.assert": {
        "type": "Transitive",
        "resolved": "4.0.0-pre.148",
        "contentHash": "JgXB+/JbZ3+e6RDSXbNmlbEPZgoyDRZLA17mEGgsSv3nK+mcAkt6PDmoUS4WCnTofXss6Z+l++T4Wotm3JBXiQ=="
      },
      "xunit.v3.common": {
        "type": "Transitive",
        "resolved": "4.0.0-pre.148",
        "contentHash": "py32Hekj7Pklb1+a2oY12bMPUiEw+1gAgxdC0RzeVAU44lwwwgsKM7N3rf+gbuoJfeWDxouRu+Oy0bduHKHzcw==",
        "dependencies": {
          "Microsoft.Bcl.AsyncInterfaces": "6.0.0"
        }
      },
      "xunit.v3.core.mtp-v2": {
        "type": "Transitive",
        "resolved": "4.0.0-pre.148",
        "contentHash": "ncTHg1kdVG0jEXZb+B7cZwOKopJamO2Kd+K/PQ2UnRhWKMemQBNfOWrqSdlUh7nZEx/YFI3QNmW54tJ32t1LJg==",
        "dependencies": {
          "Microsoft.Testing.Extensions.Telemetry": "2.2.3",
          "Microsoft.Testing.Extensions.TrxReport.Abstractions": "2.2.3",
          "Microsoft.Testing.Platform": "2.2.3",
          "Microsoft.Testing.Platform.MSBuild": "2.2.3",
          "xunit.v3.extensibility.core": "[4.0.0-pre.148]",
          "xunit.v3.runner.inproc.console": "[4.0.0-pre.148]"
        }
      },
      "xunit.v3.extensibility.core": {
        "type": "Transitive",
        "resolved": "4.0.0-pre.148",
        "contentHash": "/vtbFS/ZSeRrQxXiI5N65+rRzd+P762q9bFfozWPhwp0qQb/7l6zEVsAQi6ItCY8vu8jJU9XjgwU7vsH7y+ntg==",
        "dependencies": {
          "xunit.v3.common": "[4.0.0-pre.148]"
        }
      },
      "xunit.v3.runner.common": {
        "type": "Transitive",
        "resolved": "4.0.0-pre.148",
        "contentHash": "QdrRkcb/py1oYvXhnJAi7tFSEp5P4XS/Y+0UeUxM3qrMunMCyWAdj9Pgth8ZBu+1knTKg3qy2a1Tdd321ZajBg==",
        "dependencies": {
          "Microsoft.Win32.Registry": "[5.0.0]",
          "System.Security.AccessControl": "[6.0.1]",
          "xunit.v3.common": "[4.0.0-pre.148]"
        }
      },
      "xunit.v3.runner.inproc.console": {
        "type": "Transitive",
        "resolved": "4.0.0-pre.148",
        "contentHash": "8kBNzl5+Uoyxz4UhPwjt1nJpU7LEh7qPSajdnUPJg9AA3RoU5T9Y1nVaFhA71LP7IoleEf34nKJh7qRuIUW8Vw==",
        "dependencies": {
          "xunit.v3.extensibility.core": "[4.0.0-pre.148]",
          "xunit.v3.runner.common": "[4.0.0-pre.148]"
        }
      },
      "feff.testfixtures": {
        "type": "Project",
        "dependencies": {
          "FEFF.TestFixtures.Abstractions": "[0.0.1, )",
          "Microsoft.Extensions.Options.ConfigurationExtensions": "[10.0.9, )"
        }
      },
      "feff.testfixtures.abstractions": {
        "type": "Project",
        "dependencies": {
          "Microsoft.Extensions.DependencyInjection": "[10.0.9, )"
        }
      },
      "feff.testfixtures.engine": {
        "type": "Project",
        "dependencies": {
          "FEFF.TestFixtures.Abstractions": "[0.0.1, )",
          "Microsoft.Extensions.Configuration.EnvironmentVariables": "[10.0.9, )",
          "Microsoft.Extensions.DependencyInjection": "[10.0.9, )",
          "Microsoft.Extensions.Options": "[10.0.9, )",
          "Microsoft.Extensions.Options.ConfigurationExtensions": "[10.0.9, )",
          "System.Reflection.MetadataLoadContext": "[10.0.9, )"
        }
      },
      "feff.testfixtures.xunitv4": {
        "type": "Project",
        "dependencies": {
          "FEFF.TestFixtures": "[0.0.1, )",
          "FEFF.TestFixtures.Engine": "[0.0.1, )",
          "xunit.v3.extensibility.core": "[4.0.0-pre.148, )"
        }
      }
    }
  }
}